
Microsoft Visual Studio Solution File, Format Version 12.00
# Visual Studio Version 16
VisualStudioVersion = 16.0.30011.22
MinimumVisualStudioVersion = 10.0.40219.1
Project("{FAE04EC0-301F-11D3-BF4B-00C04F79EFBC}") = "ComputationalMath.Console", "ComputationalMath.Console\ComputationalMath.Console.csproj", "{CCB8E60E-F6E9-4A2F-A59A-0F7EA46F810F}"
EndProject
Project("{FAE04EC0-301F-11D3-BF4B-00C04F79EFBC}") = "ComputationalMath.Core", "ComputationalMath.Core\ComputationalMath.Core.csproj", "{F5EA5B14-DE3B-468B-B67E-4AD7E96CEC31}"
EndProject
Project("{FAE04EC0-301F-11D3-BF4B-00C04F79EFBC}") = "ComputationalMath.Methods", "ComputationalMath.Methods\ComputationalMath.Methods.csproj", "{C74FF88C-DE72-4B81-9EF0-3929C768D1CB}"
EndProject
Global
	GlobalSection(SolutionConfigurationPlatforms) = preSolution
		Debug|Any CPU = Debug|Any CPU
		Release|Any CPU = Release|Any CPU
	EndGlobalSection
	GlobalSection(ProjectConfigurationPlatforms) = postSolution
		{CCB8E60E-F6E9-4A2F-A59A-0F7EA46F810F}.Debug|Any CPU.ActiveCfg = Debug|Any CPU
		{CCB8E60E-F6E9-4A2F-A59A-0F7EA46F810F}.Debug|Any CPU.Build.0 = Debug|Any CPU
		{CCB8E60E-F6E9-4A2F-A59A-0F7EA46F810F}.Release|Any CPU.ActiveCfg = Release|Any CPU
		{CCB8E60E-F6E9-4A2F-A59A-0F7EA46F810F}.Release|Any CPU.Build.0 = Release|Any CPU
		{F5EA5B14-DE3B-468B-B67E-4AD7E96CEC31}.Debug|Any CPU.ActiveCfg = Debug|Any CPU
		{F5EA5B14-DE3B-468B-B67E-4AD7E96CEC31}.Debug|Any CPU.Build.0 = Debug|Any CPU
		{F5EA5B14-DE3B-468B-B67E-4AD7E96CEC31}.Release|Any CPU.ActiveCfg = Release|Any CPU
		{F5EA5B14-DE3B-468B-B67E-4AD7E96CEC31}.Release|Any CPU.Build.0 = Release|Any CPU
		{C74FF88C-DE72-4B81-9EF0-3929C768D1CB}.Debug|Any CPU.ActiveCfg = Debug|Any CPU
		{C74FF88C-DE72-4B81-9EF0-3929C768D1CB}.Debug|Any CPU.Build.0 = Debug|Any CPU
		{C74FF88C-DE72-4B81-9EF0-3929C768D1CB}.Release|Any CPU.ActiveCfg = Release|Any CPU
		{C74FF88C-DE72-4B81-9EF0-3929C768D1CB}.Release|Any CPU.Build.0 = Release|Any CPU
	EndGlobalSection
	GlobalSection(SolutionProperties) = preSolution
		HideSolutionNode = FALSE
	EndGlobalSection
	GlobalSection(ExtensibilityGlobals) = postSolution
		SolutionGuid = {12FFAF95-3CE9-4735-854F-40C945F697D0}
	EndGlobalSection
EndGlobal
